
Microsoft Visual Studio Solution File, Format Version 12.00
# Visual Studio 15
VisualStudioVersion = 15.0.27703.2000
MinimumVisualStudioVersion = 10.0.40219.1
Project("{888888A0-9F3D-457C-B088-3A5042F75D52}") = "Recognizer", "Recognizer\Recognizer.pyproj", "{68C2E72E-501D-4153-8CE9-24FDC5CB92B2}"
EndProject
Global
	GlobalSection(SolutionConfigurationPlatforms) = preSolution
		Debug|Any CPU = Debug|Any CPU
		Release|Any CPU = Release|Any CPU
	EndGlobalSection
	GlobalSection(ProjectConfigurationPlatforms) = postSolution
		{68C2E72E-501D-4153-8CE9-24FDC5CB92B2}.Debug|Any CPU.ActiveCfg = Debug|Any CPU
		{68C2E72E-501D-4153-8CE9-24FDC5CB92B2}.Release|Any CPU.ActiveCfg = Release|Any CPU
	EndGlobalSection
	GlobalSection(SolutionProperties) = preSolution
		HideSolutionNode = FALSE
	EndGlobalSection
	GlobalSection(ExtensibilityGlobals) = postSolution
		SolutionGuid = {4342CF56-21C5-4222-B7EE-9CDB051BC6C8}
	EndGlobalSection
EndGlobal
