Microsoft Visual Studio Solution File, Format Version 12.00
# Visual Studio 15
VisualStudioVersion = 15.0.27428.2015
MinimumVisualStudioVersion = 10.0.40219.1
Project("{FAE04EC0-301F-11D3-BF4B-00C04F79EFBC}") = "Reviewer.iOS", "iOS\Reviewer.iOS.csproj", "{E70165FE-A56B-46B6-88D4-DC738F56E524}"
EndProject
Project("{FAE04EC0-301F-11D3-BF4B-00C04F79EFBC}") = "Reviewer.Droid", "Droid\Reviewer.Droid.csproj", "{C17CF1B4-3A66-4F31-85B2-122EC9828A13}"
EndProject
Project("{FAE04EC0-301F-11D3-BF4B-00C04F79EFBC}") = "PhotoTour.Core", "Reviewer.Core\PhotoTour.Core.csproj", "{6A53F432-C6E2-47C7-BB82-7980AD41F49B}"
EndProject
Global
	GlobalSection(SolutionConfigurationPlatforms) = preSolution
		Debug|Any CPU = Debug|Any CPU
		Debug|iPhone = Debug|iPhone
		Debug|iPhoneSimulator = Debug|iPhoneSimulator
		Release|Any CPU = Release|Any CPU
		Release|iPhone = Release|iPhone
		Release|iPhoneSimulator = Release|iPhoneSimulator
	EndGlobalSection
	GlobalSection(ProjectConfigurationPlatforms) = postSolution
		{E70165FE-A56B-46B6-88D4-DC738F56E524}.Debug|Any CPU.ActiveCfg = Debug|iPhoneSimulator
		{E70165FE-A56B-46B6-88D4-DC738F56E524}.Debug|Any CPU.Build.0 = Debug|iPhoneSimulator
		{E70165FE-A56B-46B6-88D4-DC738F56E524}.Debug|iPhone.ActiveCfg = Debug|iPhone
		{E70165FE-A56B-46B6-88D4-DC738F56E524}.Debug|iPhone.Build.0 = Debug|iPhone
		{E70165FE-A56B-46B6-88D4-DC738F56E524}.Debug|iPhoneSimulator.ActiveCfg = Debug|iPhoneSimulator
		{E70165FE-A56B-46B6-88D4-DC738F56E524}.Debug|iPhoneSimulator.Build.0 = Debug|iPhoneSimulator
		{E70165FE-A56B-46B6-88D4-DC738F56E524}.Release|Any CPU.ActiveCfg = Release|iPhone
		{E70165FE-A56B-46B6-88D4-DC738F56E524}.Release|Any CPU.Build.0 = Release|iPhone
		{E70165FE-A56B-46B6-88D4-DC738F56E524}.Release|iPhone.ActiveCfg = Release|iPhone
		{E70165FE-A56B-46B6-88D4-DC738F56E524}.Release|iPhone.Build.0 = Release|iPhone
		{E70165FE-A56B-46B6-88D4-DC738F56E524}.Release|iPhoneSimulator.ActiveCfg = Release|iPhoneSimulator
		{E70165FE-A56B-46B6-88D4-DC738F56E524}.Release|iPhoneSimulator.Build.0 = Release|iPhoneSimulator
		{C17CF1B4-3A66-4F31-85B2-122EC9828A13}.Debug|Any CPU.ActiveCfg = Debug|Any CPU
		{C17CF1B4-3A66-4F31-85B2-122EC9828A13}.Debug|Any CPU.Build.0 = Debug|Any CPU
		{C17CF1B4-3A66-4F31-85B2-122EC9828A13}.Debug|Any CPU.Deploy.0 = Debug|Any CPU
		{C17CF1B4-3A66-4F31-85B2-122EC9828A13}.Debug|iPhone.ActiveCfg = Debug|Any CPU
		{C17CF1B4-3A66-4F31-85B2-122EC9828A13}.Debug|iPhone.Build.0 = Debug|Any CPU
		{C17CF1B4-3A66-4F31-85B2-122EC9828A13}.Debug|iPhoneSimulator.ActiveCfg = Debug|Any CPU
		{C17CF1B4-3A66-4F31-85B2-122EC9828A13}.Debug|iPhoneSimulator.Build.0 = Debug|Any CPU
		{C17CF1B4-3A66-4F31-85B2-122EC9828A13}.Release|Any CPU.ActiveCfg = Release|Any CPU
		{C17CF1B4-3A66-4F31-85B2-122EC9828A13}.Release|Any CPU.Build.0 = Release|Any CPU
		{C17CF1B4-3A66-4F31-85B2-122EC9828A13}.Release|iPhone.ActiveCfg = Release|Any CPU
		{C17CF1B4-3A66-4F31-85B2-122EC9828A13}.Release|iPhone.Build.0 = Release|Any CPU
		{C17CF1B4-3A66-4F31-85B2-122EC9828A13}.Release|iPhoneSimulator.ActiveCfg = Release|Any CPU
		{C17CF1B4-3A66-4F31-85B2-122EC9828A13}.Release|iPhoneSimulator.Build.0 = Release|Any CPU
		{6A53F432-C6E2-47C7-BB82-7980AD41F49B}.Debug|Any CPU.ActiveCfg = Debug|Any CPU
		{6A53F432-C6E2-47C7-BB82-7980AD41F49B}.Debug|Any CPU.Build.0 = Debug|Any CPU
		{6A53F432-C6E2-47C7-BB82-7980AD41F49B}.Debug|iPhone.ActiveCfg = Debug|Any CPU
		{6A53F432-C6E2-47C7-BB82-7980AD41F49B}.Debug|iPhone.Build.0 = Debug|Any CPU
		{6A53F432-C6E2-47C7-BB82-7980AD41F49B}.Debug|iPhoneSimulator.ActiveCfg = Debug|Any CPU
		{6A53F432-C6E2-47C7-BB82-7980AD41F49B}.Debug|iPhoneSimulator.Build.0 = Debug|Any CPU
		{6A53F432-C6E2-47C7-BB82-7980AD41F49B}.Release|Any CPU.ActiveCfg = Release|Any CPU
		{6A53F432-C6E2-47C7-BB82-7980AD41F49B}.Release|Any CPU.Build.0 = Release|Any CPU
		{6A53F432-C6E2-47C7-BB82-7980AD41F49B}.Release|iPhone.ActiveCfg = Release|Any CPU
		{6A53F432-C6E2-47C7-BB82-7980AD41F49B}.Release|iPhone.Build.0 = Release|Any CPU
		{6A53F432-C6E2-47C7-BB82-7980AD41F49B}.Release|iPhoneSimulator.ActiveCfg = Release|Any CPU
		{6A53F432-C6E2-47C7-BB82-7980AD41F49B}.Release|iPhoneSimulator.Build.0 = Release|Any CPU
	EndGlobalSection
	GlobalSection(SolutionProperties) = preSolution
		HideSolutionNode = FALSE
	EndGlobalSection
	GlobalSection(NestedProjects) = preSolution
	EndGlobalSection
	GlobalSection(ExtensibilityGlobals) = postSolution
		SolutionGuid = {81993665-E262-4B0F-A053-E4DB29B89458}
	EndGlobalSection
EndGlobal
